
Microsoft Visual Studio Solution File, Format Version 12.00
# Visual Studio Version 16
VisualStudioVersion = 16.0.34031.81
MinimumVisualStudioVersion = 10.0.40219.1
Project("{FAE04EC0-301F-11D3-BF4B-00C04F79EFBC}") = "Web_API", "Web_API.csproj", "{45BA7912-C8B2-4877-A24A-E3B0D8516282}"
EndProject
Global
	GlobalSection(SolutionConfigurationPlatforms) = preSolution
		Debug|Any CPU = Debug|Any CPU
		Release|Any CPU = Release|Any CPU
	EndGlobalSection
	GlobalSection(ProjectConfigurationPlatforms) = postSolution
		{45BA7912-C8B2-4877-A24A-E3B0D8516282}.Debug|Any CPU.ActiveCfg = Debug|Any CPU
		{45BA7912-C8B2-4877-A24A-E3B0D8516282}.Debug|Any CPU.Build.0 = Debug|Any CPU
		{45BA7912-C8B2-4877-A24A-E3B0D8516282}.Release|Any CPU.ActiveCfg = Release|Any CPU
		{45BA7912-C8B2-4877-A24A-E3B0D8516282}.Release|Any CPU.Build.0 = Release|Any CPU
	EndGlobalSection
	GlobalSection(SolutionProperties) = preSolution
		HideSolutionNode = FALSE
	EndGlobalSection
	GlobalSection(ExtensibilityGlobals) = postSolution
		SolutionGuid = {A423F246-3340-4605-B653-5E2B69ABED1D}
	EndGlobalSection
EndGlobal
